schema: '2.0'
stages:
  evaluate@val:
    cmd: uv run python -m temporal_model.eval.evaluate --model-zip 
      data/06_models/vit_dinov2_finetune/model.zip --sequences-dir 
      data/01_raw/datasets/val --output-dir 
      data/08_reporting/val/vit_dinov2_finetune --model-name 
      vit_dinov2_finetune-val
    deps:
    - path: ../core/src/temporal_model/core/data.py
      hash: md5
      md5: b907e5a0baedb93775446678c2cce034
      size: 5078
    - path: ../core/src/temporal_model/core/details_schema.py
      hash: md5
      md5: 11c7ca8219716f78f0fa9bc47e7a6155
      size: 1284
    - path: ../core/src/temporal_model/core/inference.py
      hash: md5
      md5: 401b977db8bb41cf14da0dfc0f4dee82
      size: 17341
    - path: ../core/src/temporal_model/core/logistic_calibrator.py
      hash: md5
      md5: 40122f278fee865a7da300c1772df4f8
      size: 4243
    - path: ../core/src/temporal_model/core/model.py
      hash: md5
      md5: 446558b7ee0e9d37d157b70e46666426
      size: 11816
    - path: ../core/src/temporal_model/core/model_input.py
      hash: md5
      md5: 3839d575be202f1c01ccb153c839622b
      size: 3881
    - path: ../core/src/temporal_model/core/package.py
      hash: md5
      md5: 78d9a257839a1f13d7a9dcb385b1fb90
      size: 9980
    - path: ../core/src/temporal_model/core/protocol.py
      hash: md5
      md5: 660366308e9f935a95e7af788268fdf0
      size: 5490
    - path: ../core/src/temporal_model/core/stabilize.py
      hash: md5
      md5: acf5b133a726f5dde337b66ad0c9960f
      size: 2177
    - path: ../core/src/temporal_model/core/temporal_classifier.py
      hash: md5
      md5: 9a854621a96447b0682d9191c39f6440
      size: 7062
    - path: ../core/src/temporal_model/core/tubes.py
      hash: md5
      md5: 9426ca83132d1d4822d014c492b7015a
      size: 18257
    - path: ../core/src/temporal_model/core/types.py
      hash: md5
      md5: 71917e49ebe4659d6b1f5cb0f29a5747
      size: 1693
    - path: data/01_raw/datasets/val
      hash: md5
      md5: 409ed7d0573adcb3be98f7ceab63cf25.dir
      size: 444161180
      nfiles: 8752
    - path: data/06_models/vit_dinov2_finetune/model.zip
      hash: md5
      md5: 7a79332d511a50460b63ac4c4ba71e73
      size: 162765197
    - path: src/temporal_model/eval/eval_plots.py
      hash: md5
      md5: f76a38b124a936129d9e0cc6910b9e33
      size: 3399
    - path: src/temporal_model/eval/evaluate.py
      hash: md5
      md5: c0ff9c3c1e8e0538016a798a5e28e769
      size: 5867
    - path: src/temporal_model/eval/protocol_eval.py
      hash: md5
      md5: 21445c4108c78c9469b3d1bf960075d5
      size: 5348
    outs:
    - path: data/08_reporting/val/vit_dinov2_finetune/confusion_matrix.png
      hash: md5
      md5: e4812105eea5682f5847c6a965c79aa2
      size: 22495
    - path: 
        data/08_reporting/val/vit_dinov2_finetune/confusion_matrix_normalized.png
      hash: md5
      md5: 3e46fe798bf384fac639b8bda42c9a3f
      size: 24719
    - path: data/08_reporting/val/vit_dinov2_finetune/dropped.json
      hash: md5
      md5: d751713988987e9331980363e24189ce
      size: 2
    - path: data/08_reporting/val/vit_dinov2_finetune/metrics.json
      hash: md5
      md5: 34e069a74e9109d7c66d585ebc9dd642
      size: 287
    - path: data/08_reporting/val/vit_dinov2_finetune/pr_curve.png
      hash: md5
      md5: 00c9a14f07295ab9a124f76c066fbdb1
      size: 21119
    - path: data/08_reporting/val/vit_dinov2_finetune/predictions.json
      hash: md5
      md5: b9d55693a51c7e77ef9cb6a169fa42d8
      size: 1408563
    - path: data/08_reporting/val/vit_dinov2_finetune/roc_curve.png
      hash: md5
      md5: 5ab01bf3f08c1aa3a31a8088ac8699a3
      size: 30580
  evaluate@train:
    cmd: uv run python -m temporal_model.eval.evaluate --model-zip 
      data/06_models/vit_dinov2_finetune/model.zip --sequences-dir 
      data/01_raw/datasets/train --output-dir 
      data/08_reporting/train/vit_dinov2_finetune --model-name 
      vit_dinov2_finetune-train
    deps:
    - path: ../core/src/temporal_model/core/data.py
      hash: md5
      md5: b907e5a0baedb93775446678c2cce034
      size: 5078
    - path: ../core/src/temporal_model/core/details_schema.py
      hash: md5
      md5: 11c7ca8219716f78f0fa9bc47e7a6155
      size: 1284
    - path: ../core/src/temporal_model/core/inference.py
      hash: md5
      md5: 401b977db8bb41cf14da0dfc0f4dee82
      size: 17341
    - path: ../core/src/temporal_model/core/logistic_calibrator.py
      hash: md5
      md5: 40122f278fee865a7da300c1772df4f8
      size: 4243
    - path: ../core/src/temporal_model/core/model.py
      hash: md5
      md5: 446558b7ee0e9d37d157b70e46666426
      size: 11816
    - path: ../core/src/temporal_model/core/model_input.py
      hash: md5
      md5: 3839d575be202f1c01ccb153c839622b
      size: 3881
    - path: ../core/src/temporal_model/core/package.py
      hash: md5
      md5: 78d9a257839a1f13d7a9dcb385b1fb90
      size: 9980
    - path: ../core/src/temporal_model/core/protocol.py
      hash: md5
      md5: 660366308e9f935a95e7af788268fdf0
      size: 5490
    - path: ../core/src/temporal_model/core/stabilize.py
      hash: md5
      md5: acf5b133a726f5dde337b66ad0c9960f
      size: 2177
    - path: ../core/src/temporal_model/core/temporal_classifier.py
      hash: md5
      md5: 9a854621a96447b0682d9191c39f6440
      size: 7062
    - path: ../core/src/temporal_model/core/tubes.py
      hash: md5
      md5: 9426ca83132d1d4822d014c492b7015a
      size: 18257
    - path: ../core/src/temporal_model/core/types.py
      hash: md5
      md5: 71917e49ebe4659d6b1f5cb0f29a5747
      size: 1693
    - path: data/01_raw/datasets/train
      hash: md5
      md5: caf37d4bf513efd49b9617378fff1ffa.dir
      size: 4776619781
      nfiles: 89870
    - path: data/06_models/vit_dinov2_finetune/model.zip
      hash: md5
      md5: 7a79332d511a50460b63ac4c4ba71e73
      size: 162765197
    - path: src/temporal_model/eval/eval_plots.py
      hash: md5
      md5: f76a38b124a936129d9e0cc6910b9e33
      size: 3399
    - path: src/temporal_model/eval/evaluate.py
      hash: md5
      md5: c0ff9c3c1e8e0538016a798a5e28e769
      size: 5867
    - path: src/temporal_model/eval/protocol_eval.py
      hash: md5
      md5: 21445c4108c78c9469b3d1bf960075d5
      size: 5348
    outs:
    - path: data/08_reporting/train/vit_dinov2_finetune/confusion_matrix.png
      hash: md5
      md5: 25b0a6dae623210ad528a788af62cb23
      size: 25489
    - path: 
        data/08_reporting/train/vit_dinov2_finetune/confusion_matrix_normalized.png
      hash: md5
      md5: 709b124fae0e062c75c00c1a0376efb8
      size: 24977
    - path: data/08_reporting/train/vit_dinov2_finetune/dropped.json
      hash: md5
      md5: d751713988987e9331980363e24189ce
      size: 2
    - path: data/08_reporting/train/vit_dinov2_finetune/metrics.json
      hash: md5
      md5: 8f57fd3091b62884714768e38cf7f663
      size: 293
    - path: data/08_reporting/train/vit_dinov2_finetune/pr_curve.png
      hash: md5
      md5: 010978950a6ca6483aba2541e9aa5471
      size: 22459
    - path: data/08_reporting/train/vit_dinov2_finetune/predictions.json
      hash: md5
      md5: 23e13580302f3723e3e7a0a9df9a65ab
      size: 14163612
    - path: data/08_reporting/train/vit_dinov2_finetune/roc_curve.png
      hash: md5
      md5: cb614be034c0a23b102e720ac45fff84
      size: 32389
