schema: '2.0'
stages:
  evaluate@val:
    cmd: uv run python -m temporal_model.eval.evaluate --model-zip 
      data/06_models/vit_dinov2_finetune/model.zip --sequences-dir 
      data/01_raw/datasets/val --output-dir 
      data/08_reporting/val/vit_dinov2_finetune --model-name 
      vit_dinov2_finetune-val
    deps:
    - path: ../core/src/temporal_model/core/crop.py
      hash: md5
      md5: ac007c4aa7fc43c331313a7d504df7d1
      size: 1608
    - path: ../core/src/temporal_model/core/details_schema.py
      hash: md5
      md5: ae7b5696cfe8fe058b562498ea970107
      size: 1417
    - path: ../core/src/temporal_model/core/inference.py
      hash: md5
      md5: 7f930868f79fbdadb4ea9f49cea4036d
      size: 18047
    - path: ../core/src/temporal_model/core/logistic_calibrator.py
      hash: md5
      md5: fc8f3b5f18e59e0c72edc1cf973d1cb2
      size: 5062
    - path: ../core/src/temporal_model/core/model.py
      hash: md5
      md5: 0c38974cb5a5e6d6c08e0178838fcd81
      size: 15324
    - path: ../core/src/temporal_model/core/package.py
      hash: md5
      md5: cd0bfa9f82113a5dba28667ff4b46f63
      size: 12270
    - path: ../core/src/temporal_model/core/protocol.py
      hash: md5
      md5: 2d44441b0b89790f11b845406ebd6026
      size: 5560
    - path: ../core/src/temporal_model/core/sequences.py
      hash: md5
      md5: 52023f25efee8db079a744636b832969
      size: 1613
    - path: ../core/src/temporal_model/core/stabilize.py
      hash: md5
      md5: c91e53f9a8c4c806e9330b5874462e73
      size: 2227
    - path: ../core/src/temporal_model/core/temporal_classifier.py
      hash: md5
      md5: e50940dafd63ad3e5065d3deee3a7c2f
      size: 7136
    - path: ../core/src/temporal_model/core/tubes.py
      hash: md5
      md5: 51f1631de5173929370bd4532e2565a8
      size: 18438
    - path: ../core/src/temporal_model/core/types.py
      hash: md5
      md5: 9f9be553d10cb269a067cd4fe7cb8a51
      size: 1422
    - path: data/01_raw/datasets/val
      hash: md5
      md5: 409ed7d0573adcb3be98f7ceab63cf25.dir
      size: 444161180
      nfiles: 8752
    - path: data/06_models/vit_dinov2_finetune/model.zip
      hash: md5
      md5: af97e7f065bd2d47e8733339b11a0478
      size: 162765214
    - path: src/temporal_model/eval/eval_plots.py
      hash: md5
      md5: f76a38b124a936129d9e0cc6910b9e33
      size: 3399
    - path: src/temporal_model/eval/evaluate.py
      hash: md5
      md5: 9ad7d393bc85171b6be1ab0be830b316
      size: 5894
    - path: src/temporal_model/eval/protocol_eval.py
      hash: md5
      md5: 21445c4108c78c9469b3d1bf960075d5
      size: 5348
    outs:
    - path: data/08_reporting/val/vit_dinov2_finetune/confusion_matrix.png
      hash: md5
      md5: 67ca5b37c71443a67c3d96da3f282a3a
      size: 22146
    - path: 
        data/08_reporting/val/vit_dinov2_finetune/confusion_matrix_normalized.png
      hash: md5
      md5: c8991f40b2606530013cf7c834879024
      size: 24442
    - path: data/08_reporting/val/vit_dinov2_finetune/dropped.json
      hash: md5
      md5: d751713988987e9331980363e24189ce
      size: 2
    - path: data/08_reporting/val/vit_dinov2_finetune/metrics.json
      hash: md5
      md5: 42676632c5605a47cd43db70d300b9b9
      size: 287
    - path: data/08_reporting/val/vit_dinov2_finetune/pr_curve.png
      hash: md5
      md5: e19071b11081d6c298d8e2870133be99
      size: 20716
    - path: data/08_reporting/val/vit_dinov2_finetune/predictions.json
      hash: md5
      md5: 90264b12d1601f43d7cbfafed55dc3e9
      size: 990406
    - path: data/08_reporting/val/vit_dinov2_finetune/roc_curve.png
      hash: md5
      md5: 9bdd813953dd0ea56f284db477d33c45
      size: 30723
  evaluate@train:
    cmd: uv run python -m temporal_model.eval.evaluate --model-zip 
      data/06_models/vit_dinov2_finetune/model.zip --sequences-dir 
      data/01_raw/datasets/train --output-dir 
      data/08_reporting/train/vit_dinov2_finetune --model-name 
      vit_dinov2_finetune-train
    deps:
    - path: ../core/src/temporal_model/core/crop.py
      hash: md5
      md5: ac007c4aa7fc43c331313a7d504df7d1
      size: 1608
    - path: ../core/src/temporal_model/core/details_schema.py
      hash: md5
      md5: ae7b5696cfe8fe058b562498ea970107
      size: 1417
    - path: ../core/src/temporal_model/core/inference.py
      hash: md5
      md5: 7f930868f79fbdadb4ea9f49cea4036d
      size: 18047
    - path: ../core/src/temporal_model/core/logistic_calibrator.py
      hash: md5
      md5: fc8f3b5f18e59e0c72edc1cf973d1cb2
      size: 5062
    - path: ../core/src/temporal_model/core/model.py
      hash: md5
      md5: 0c38974cb5a5e6d6c08e0178838fcd81
      size: 15324
    - path: ../core/src/temporal_model/core/package.py
      hash: md5
      md5: cd0bfa9f82113a5dba28667ff4b46f63
      size: 12270
    - path: ../core/src/temporal_model/core/protocol.py
      hash: md5
      md5: 2d44441b0b89790f11b845406ebd6026
      size: 5560
    - path: ../core/src/temporal_model/core/sequences.py
      hash: md5
      md5: 52023f25efee8db079a744636b832969
      size: 1613
    - path: ../core/src/temporal_model/core/stabilize.py
      hash: md5
      md5: c91e53f9a8c4c806e9330b5874462e73
      size: 2227
    - path: ../core/src/temporal_model/core/temporal_classifier.py
      hash: md5
      md5: e50940dafd63ad3e5065d3deee3a7c2f
      size: 7136
    - path: ../core/src/temporal_model/core/tubes.py
      hash: md5
      md5: 51f1631de5173929370bd4532e2565a8
      size: 18438
    - path: ../core/src/temporal_model/core/types.py
      hash: md5
      md5: 9f9be553d10cb269a067cd4fe7cb8a51
      size: 1422
    - path: data/01_raw/datasets/train
      hash: md5
      md5: caf37d4bf513efd49b9617378fff1ffa.dir
      size: 4776619781
      nfiles: 89870
    - path: data/06_models/vit_dinov2_finetune/model.zip
      hash: md5
      md5: af97e7f065bd2d47e8733339b11a0478
      size: 162765214
    - path: src/temporal_model/eval/eval_plots.py
      hash: md5
      md5: f76a38b124a936129d9e0cc6910b9e33
      size: 3399
    - path: src/temporal_model/eval/evaluate.py
      hash: md5
      md5: 9ad7d393bc85171b6be1ab0be830b316
      size: 5894
    - path: src/temporal_model/eval/protocol_eval.py
      hash: md5
      md5: 21445c4108c78c9469b3d1bf960075d5
      size: 5348
    outs:
    - path: data/08_reporting/train/vit_dinov2_finetune/confusion_matrix.png
      hash: md5
      md5: 08776cf265e60dc48f2f5c3f8717cb60
      size: 25153
    - path: 
        data/08_reporting/train/vit_dinov2_finetune/confusion_matrix_normalized.png
      hash: md5
      md5: 1b723482ca768d52a22a7952bef852c4
      size: 24577
    - path: data/08_reporting/train/vit_dinov2_finetune/dropped.json
      hash: md5
      md5: d751713988987e9331980363e24189ce
      size: 2
    - path: data/08_reporting/train/vit_dinov2_finetune/metrics.json
      hash: md5
      md5: 29482c46300fd754de6b3fdf4438d4f8
      size: 293
    - path: data/08_reporting/train/vit_dinov2_finetune/pr_curve.png
      hash: md5
      md5: e0ce2b9e4639a950560ab85cb3806747
      size: 22035
    - path: data/08_reporting/train/vit_dinov2_finetune/predictions.json
      hash: md5
      md5: 133697ed50c1e2fd8e9a99ac5dc752c0
      size: 10712545
    - path: data/08_reporting/train/vit_dinov2_finetune/roc_curve.png
      hash: md5
      md5: 2360f6e3b090ac9db14dc2490f035e66
      size: 31822
