schema: '2.0'
stages:
  evaluate@val:
    cmd: uv run python -m temporal_model.eval.evaluate --model-zip 
      data/06_models/vit_dinov2_finetune/model.zip --sequences-dir 
      data/01_raw/datasets/val --output-dir 
      data/08_reporting/val/vit_dinov2_finetune --model-name 
      vit_dinov2_finetune-val
    deps:
    - path: ../core/src/temporal_model/core/data.py
      hash: md5
      md5: b907e5a0baedb93775446678c2cce034
      size: 5078
    - path: ../core/src/temporal_model/core/details_schema.py
      hash: md5
      md5: 11c7ca8219716f78f0fa9bc47e7a6155
      size: 1284
    - path: ../core/src/temporal_model/core/inference.py
      hash: md5
      md5: 401b977db8bb41cf14da0dfc0f4dee82
      size: 17341
    - path: ../core/src/temporal_model/core/logistic_calibrator.py
      hash: md5
      md5: 40122f278fee865a7da300c1772df4f8
      size: 4243
    - path: ../core/src/temporal_model/core/model.py
      hash: md5
      md5: 446558b7ee0e9d37d157b70e46666426
      size: 11816
    - path: ../core/src/temporal_model/core/model_input.py
      hash: md5
      md5: 3839d575be202f1c01ccb153c839622b
      size: 3881
    - path: ../core/src/temporal_model/core/package.py
      hash: md5
      md5: 78d9a257839a1f13d7a9dcb385b1fb90
      size: 9980
    - path: ../core/src/temporal_model/core/protocol.py
      hash: md5
      md5: 660366308e9f935a95e7af788268fdf0
      size: 5490
    - path: ../core/src/temporal_model/core/stabilize.py
      hash: md5
      md5: acf5b133a726f5dde337b66ad0c9960f
      size: 2177
    - path: ../core/src/temporal_model/core/temporal_classifier.py
      hash: md5
      md5: 9a854621a96447b0682d9191c39f6440
      size: 7062
    - path: ../core/src/temporal_model/core/tubes.py
      hash: md5
      md5: 9426ca83132d1d4822d014c492b7015a
      size: 18257
    - path: ../core/src/temporal_model/core/types.py
      hash: md5
      md5: 71917e49ebe4659d6b1f5cb0f29a5747
      size: 1693
    - path: data/01_raw/datasets/val
      hash: md5
      md5: 409ed7d0573adcb3be98f7ceab63cf25.dir
      size: 444161180
      nfiles: 8752
    - path: data/06_models/vit_dinov2_finetune/model.zip
      hash: md5
      md5: e976a17cb5b9c8ae758352fc787e3fc5
      size: 162765214
    - path: src/temporal_model/eval/eval_plots.py
      hash: md5
      md5: f76a38b124a936129d9e0cc6910b9e33
      size: 3399
    - path: src/temporal_model/eval/evaluate.py
      hash: md5
      md5: c0ff9c3c1e8e0538016a798a5e28e769
      size: 5867
    - path: src/temporal_model/eval/protocol_eval.py
      hash: md5
      md5: 21445c4108c78c9469b3d1bf960075d5
      size: 5348
    outs:
    - path: data/08_reporting/val/vit_dinov2_finetune/confusion_matrix.png
      hash: md5
      md5: 67ca5b37c71443a67c3d96da3f282a3a
      size: 22146
    - path: 
        data/08_reporting/val/vit_dinov2_finetune/confusion_matrix_normalized.png
      hash: md5
      md5: c8991f40b2606530013cf7c834879024
      size: 24442
    - path: data/08_reporting/val/vit_dinov2_finetune/dropped.json
      hash: md5
      md5: d751713988987e9331980363e24189ce
      size: 2
    - path: data/08_reporting/val/vit_dinov2_finetune/metrics.json
      hash: md5
      md5: 42676632c5605a47cd43db70d300b9b9
      size: 287
    - path: data/08_reporting/val/vit_dinov2_finetune/pr_curve.png
      hash: md5
      md5: e19071b11081d6c298d8e2870133be99
      size: 20716
    - path: data/08_reporting/val/vit_dinov2_finetune/predictions.json
      hash: md5
      md5: 90264b12d1601f43d7cbfafed55dc3e9
      size: 990406
    - path: data/08_reporting/val/vit_dinov2_finetune/roc_curve.png
      hash: md5
      md5: 9bdd813953dd0ea56f284db477d33c45
      size: 30723
  evaluate@train:
    cmd: uv run python -m temporal_model.eval.evaluate --model-zip 
      data/06_models/vit_dinov2_finetune/model.zip --sequences-dir 
      data/01_raw/datasets/train --output-dir 
      data/08_reporting/train/vit_dinov2_finetune --model-name 
      vit_dinov2_finetune-train
    deps:
    - path: ../core/src/temporal_model/core/data.py
      hash: md5
      md5: b907e5a0baedb93775446678c2cce034
      size: 5078
    - path: ../core/src/temporal_model/core/details_schema.py
      hash: md5
      md5: 11c7ca8219716f78f0fa9bc47e7a6155
      size: 1284
    - path: ../core/src/temporal_model/core/inference.py
      hash: md5
      md5: 401b977db8bb41cf14da0dfc0f4dee82
      size: 17341
    - path: ../core/src/temporal_model/core/logistic_calibrator.py
      hash: md5
      md5: 40122f278fee865a7da300c1772df4f8
      size: 4243
    - path: ../core/src/temporal_model/core/model.py
      hash: md5
      md5: 446558b7ee0e9d37d157b70e46666426
      size: 11816
    - path: ../core/src/temporal_model/core/model_input.py
      hash: md5
      md5: 3839d575be202f1c01ccb153c839622b
      size: 3881
    - path: ../core/src/temporal_model/core/package.py
      hash: md5
      md5: 78d9a257839a1f13d7a9dcb385b1fb90
      size: 9980
    - path: ../core/src/temporal_model/core/protocol.py
      hash: md5
      md5: 660366308e9f935a95e7af788268fdf0
      size: 5490
    - path: ../core/src/temporal_model/core/stabilize.py
      hash: md5
      md5: acf5b133a726f5dde337b66ad0c9960f
      size: 2177
    - path: ../core/src/temporal_model/core/temporal_classifier.py
      hash: md5
      md5: 9a854621a96447b0682d9191c39f6440
      size: 7062
    - path: ../core/src/temporal_model/core/tubes.py
      hash: md5
      md5: 9426ca83132d1d4822d014c492b7015a
      size: 18257
    - path: ../core/src/temporal_model/core/types.py
      hash: md5
      md5: 71917e49ebe4659d6b1f5cb0f29a5747
      size: 1693
    - path: data/01_raw/datasets/train
      hash: md5
      md5: caf37d4bf513efd49b9617378fff1ffa.dir
      size: 4776619781
      nfiles: 89870
    - path: data/06_models/vit_dinov2_finetune/model.zip
      hash: md5
      md5: e976a17cb5b9c8ae758352fc787e3fc5
      size: 162765214
    - path: src/temporal_model/eval/eval_plots.py
      hash: md5
      md5: f76a38b124a936129d9e0cc6910b9e33
      size: 3399
    - path: src/temporal_model/eval/evaluate.py
      hash: md5
      md5: c0ff9c3c1e8e0538016a798a5e28e769
      size: 5867
    - path: src/temporal_model/eval/protocol_eval.py
      hash: md5
      md5: 21445c4108c78c9469b3d1bf960075d5
      size: 5348
    outs:
    - path: data/08_reporting/train/vit_dinov2_finetune/confusion_matrix.png
      hash: md5
      md5: 08776cf265e60dc48f2f5c3f8717cb60
      size: 25153
    - path: 
        data/08_reporting/train/vit_dinov2_finetune/confusion_matrix_normalized.png
      hash: md5
      md5: 1b723482ca768d52a22a7952bef852c4
      size: 24577
    - path: data/08_reporting/train/vit_dinov2_finetune/dropped.json
      hash: md5
      md5: d751713988987e9331980363e24189ce
      size: 2
    - path: data/08_reporting/train/vit_dinov2_finetune/metrics.json
      hash: md5
      md5: 29482c46300fd754de6b3fdf4438d4f8
      size: 293
    - path: data/08_reporting/train/vit_dinov2_finetune/pr_curve.png
      hash: md5
      md5: e0ce2b9e4639a950560ab85cb3806747
      size: 22035
    - path: data/08_reporting/train/vit_dinov2_finetune/predictions.json
      hash: md5
      md5: 133697ed50c1e2fd8e9a99ac5dc752c0
      size: 10712545
    - path: data/08_reporting/train/vit_dinov2_finetune/roc_curve.png
      hash: md5
      md5: 2360f6e3b090ac9db14dc2490f035e66
      size: 31822
