schema: '2.0'
stages:
  truncate@train:
    cmd: uv run python -m temporal_model.train.truncate --input-dir 
      data/01_raw/datasets_full/train --output-dir data/01_raw/datasets/train 
      --max-frames 20
    deps:
    - path: data/01_raw/datasets_full/train
      hash: md5
      md5: f02174099bc4dc115dad2b69d3b4e78e.dir
      size: 7543045856
      nfiles: 142052
    - path: src/temporal_model/train/truncate.py
      hash: md5
      md5: 50ac7865933889df116cf61d7f35bc63
      size: 2495
    params:
      params.yaml:
        truncate.max_frames: 20
    outs:
    - path: data/01_raw/datasets/train
      hash: md5
      md5: caf37d4bf513efd49b9617378fff1ffa.dir
      size: 4776619781
      nfiles: 89870
  truncate@val:
    cmd: uv run python -m temporal_model.train.truncate --input-dir 
      data/01_raw/datasets_full/val --output-dir data/01_raw/datasets/val 
      --max-frames 20
    deps:
    - path: data/01_raw/datasets_full/val
      hash: md5
      md5: b58404e2160d272fd736fad3aa561223.dir
      size: 668383256
      nfiles: 13044
    - path: src/temporal_model/train/truncate.py
      hash: md5
      md5: 50ac7865933889df116cf61d7f35bc63
      size: 2495
    params:
      params.yaml:
        truncate.max_frames: 20
    outs:
    - path: data/01_raw/datasets/val
      hash: md5
      md5: 409ed7d0573adcb3be98f7ceab63cf25.dir
      size: 444161180
      nfiles: 8752
  build_tubes@train:
    cmd: uv run python -m temporal_model.train.build_tubes --input-dir 
      data/01_raw/datasets/train --output-dir data/03_primary/tubes/train 
      --iou-threshold 0.2 --max-misses 2 --min-tube-length 4 
      --min-detected-entries 2 --merge-iomin 0.3 --merge-prox-factor 1.0 
      --merge-max-gap 10
    deps:
    - path: ../core/src/temporal_model/core/labels.py
      hash: md5
      md5: 66210787af9d9ac75c171874b8698425
      size: 3371
    - path: ../core/src/temporal_model/core/protocol.py
      hash: md5
      md5: 2d44441b0b89790f11b845406ebd6026
      size: 5560
    - path: ../core/src/temporal_model/core/sequences.py
      hash: md5
      md5: 52023f25efee8db079a744636b832969
      size: 1613
    - path: ../core/src/temporal_model/core/tubes.py
      hash: md5
      md5: 51f1631de5173929370bd4532e2565a8
      size: 18438
    - path: ../core/src/temporal_model/core/types.py
      hash: md5
      md5: 9f9be553d10cb269a067cd4fe7cb8a51
      size: 1422
    - path: data/01_raw/datasets/train
      hash: md5
      md5: caf37d4bf513efd49b9617378fff1ffa.dir
      size: 4776619781
      nfiles: 89870
    - path: src/temporal_model/train/build_tubes.py
      hash: md5
      md5: 61fdf917c3fd93320b73139327332f6e
      size: 7104
    params:
      params.yaml:
        build_tubes:
          min_tube_length: 4
          min_detected_entries: 2
        tubes:
          iou_threshold: 0.2
          max_misses: 2
          merge_iomin: 0.3
          merge_prox_factor: 1.0
          merge_max_gap: 10
    outs:
    - path: data/03_primary/tubes/train
      hash: md5
      md5: 7cf6a70ba126bfa11dfc78d7608ee79f.dir
      size: 12515383
      nfiles: 2910
  build_tubes@val:
    cmd: uv run python -m temporal_model.train.build_tubes --input-dir 
      data/01_raw/datasets/val --output-dir data/03_primary/tubes/val 
      --iou-threshold 0.2 --max-misses 2 --min-tube-length 4 
      --min-detected-entries 2 --merge-iomin 0.3 --merge-prox-factor 1.0 
      --merge-max-gap 10
    deps:
    - path: ../core/src/temporal_model/core/labels.py
      hash: md5
      md5: 66210787af9d9ac75c171874b8698425
      size: 3371
    - path: ../core/src/temporal_model/core/protocol.py
      hash: md5
      md5: 2d44441b0b89790f11b845406ebd6026
      size: 5560
    - path: ../core/src/temporal_model/core/sequences.py
      hash: md5
      md5: 52023f25efee8db079a744636b832969
      size: 1613
    - path: ../core/src/temporal_model/core/tubes.py
      hash: md5
      md5: 51f1631de5173929370bd4532e2565a8
      size: 18438
    - path: ../core/src/temporal_model/core/types.py
      hash: md5
      md5: 9f9be553d10cb269a067cd4fe7cb8a51
      size: 1422
    - path: data/01_raw/datasets/val
      hash: md5
      md5: 409ed7d0573adcb3be98f7ceab63cf25.dir
      size: 444161180
      nfiles: 8752
    - path: src/temporal_model/train/build_tubes.py
      hash: md5
      md5: 61fdf917c3fd93320b73139327332f6e
      size: 7104
    params:
      params.yaml:
        build_tubes:
          min_tube_length: 4
          min_detected_entries: 2
        tubes:
          iou_threshold: 0.2
          max_misses: 2
          merge_iomin: 0.3
          merge_prox_factor: 1.0
          merge_max_gap: 10
    outs:
    - path: data/03_primary/tubes/val
      hash: md5
      md5: 3799126119c0e51995824fcaa3027eeb.dir
      size: 1202840
      nfiles: 292
  build_model_input@train:
    cmd: uv run python -m temporal_model.train.build_model_input --tubes-dir 
      data/03_primary/tubes/train --raw-dir data/01_raw/datasets/train 
      --output-dir data/05_model_input/train --context-factor 1.5 --patch-size 
      224 --stabilize true
    deps:
    - path: ../core/src/temporal_model/core/crop.py
      hash: md5
      md5: ac007c4aa7fc43c331313a7d504df7d1
      size: 1608
    - path: ../core/src/temporal_model/core/sequences.py
      hash: md5
      md5: 52023f25efee8db079a744636b832969
      size: 1613
    - path: ../core/src/temporal_model/core/stabilize.py
      hash: md5
      md5: c91e53f9a8c4c806e9330b5874462e73
      size: 2227
    - path: data/01_raw/datasets/train
      hash: md5
      md5: caf37d4bf513efd49b9617378fff1ffa.dir
      size: 4776619781
      nfiles: 89870
    - path: data/03_primary/tubes/train
      hash: md5
      md5: 7cf6a70ba126bfa11dfc78d7608ee79f.dir
      size: 12515383
      nfiles: 2910
    - path: src/temporal_model/train/build_model_input.py
      hash: md5
      md5: 08014908422b4240dc88f46e9232f180
      size: 4140
    - path: src/temporal_model/train/crop_patches.py
      hash: md5
      md5: 8ad324d6d5ee30bb18b2480e875c583c
      size: 3017
    params:
      params.yaml:
        model_input:
          context_factor: 1.5
          patch_size: 224
          stabilize: true
    outs:
    - path: data/05_model_input/train
      hash: md5
      md5: a1d549c88d37c3bb84ec06d541fff939.dir
      size: 1407122732
      nfiles: 44105
  build_model_input@val:
    cmd: uv run python -m temporal_model.train.build_model_input --tubes-dir 
      data/03_primary/tubes/val --raw-dir data/01_raw/datasets/val --output-dir 
      data/05_model_input/val --context-factor 1.5 --patch-size 224 --stabilize 
      true
    deps:
    - path: ../core/src/temporal_model/core/crop.py
      hash: md5
      md5: ac007c4aa7fc43c331313a7d504df7d1
      size: 1608
    - path: ../core/src/temporal_model/core/sequences.py
      hash: md5
      md5: 52023f25efee8db079a744636b832969
      size: 1613
    - path: ../core/src/temporal_model/core/stabilize.py
      hash: md5
      md5: c91e53f9a8c4c806e9330b5874462e73
      size: 2227
    - path: data/01_raw/datasets/val
      hash: md5
      md5: 409ed7d0573adcb3be98f7ceab63cf25.dir
      size: 444161180
      nfiles: 8752
    - path: data/03_primary/tubes/val
      hash: md5
      md5: 3799126119c0e51995824fcaa3027eeb.dir
      size: 1202840
      nfiles: 292
    - path: src/temporal_model/train/build_model_input.py
      hash: md5
      md5: 08014908422b4240dc88f46e9232f180
      size: 4140
    - path: src/temporal_model/train/crop_patches.py
      hash: md5
      md5: 8ad324d6d5ee30bb18b2480e875c583c
      size: 3017
    params:
      params.yaml:
        model_input:
          context_factor: 1.5
          patch_size: 224
          stabilize: true
    outs:
    - path: data/05_model_input/val
      hash: md5
      md5: 0248311290b067503a3feadb7dde89fd.dir
      size: 130350398
      nfiles: 4241
  train:
    cmd: uv run python -m temporal_model.train.train --train-dir 
      data/05_model_input/train --val-dir data/05_model_input/val --output-dir 
      data/06_models/vit_dinov2_finetune --params-path params.yaml --params-key 
      train_vit_dinov2_finetune
    deps:
    - path: ../core/src/temporal_model/core/temporal_classifier.py
      hash: md5
      md5: e50940dafd63ad3e5065d3deee3a7c2f
      size: 7136
    - path: data/05_model_input/train
      hash: md5
      md5: a1d549c88d37c3bb84ec06d541fff939.dir
      size: 1407122732
      nfiles: 44105
    - path: data/05_model_input/val
      hash: md5
      md5: 0248311290b067503a3feadb7dde89fd.dir
      size: 130350398
      nfiles: 4241
    - path: src/temporal_model/train/augment.py
      hash: md5
      md5: 7bad0b20ddd88905a3141b1e05d7f685
      size: 9395
    - path: src/temporal_model/train/batch_samples.py
      hash: md5
      md5: 5bbc7e7eafd7c9c4f8d2a63ba4a9b0c4
      size: 4961
    - path: src/temporal_model/train/dataset.py
      hash: md5
      md5: 0963a1ba3fd9e193ab8d4d24bd97aca2
      size: 3141
    - path: src/temporal_model/train/lit_temporal.py
      hash: md5
      md5: 023e48e99565f468cf7d5fd7c210b341
      size: 5951
    - path: src/temporal_model/train/train.py
      hash: md5
      md5: 96e5b3486858147ddecdddadfc4cf047
      size: 5534
    - path: src/temporal_model/train/training_plots.py
      hash: md5
      md5: 48015bd154587ba3ba493ed5c337e27a
      size: 3290
    params:
      params.yaml:
        augment:
          enabled: true
          spatial:
            flip_prob: 0.5
            rotation_deg: 5.0
            scale_range:
            - 0.9
            - 1.1
            translate_frac: 0.05
          photometric:
            brightness_range:
            - 0.8
            - 1.2
            contrast_range:
            - 0.8
            - 1.2
            saturation_range:
            - 0.8
            - 1.2
          temporal:
            subseq_prob: 0.5
            subseq_min_len: 4
            stride_prob: 0.25
            frame_drop_prob: 0.15
            min_valid_after_drop: 4
        train_vit_dinov2_finetune:
          max_frames: 20
          batch_size: 16
          num_workers: 4
          learning_rate: 0.0001
          weight_decay: 0.05
          max_epochs: 30
          early_stop_patience: 5
          seed: 42
          global_pool: token
          img_size: 224
          transformer_num_layers: 2
          transformer_num_heads: 6
          transformer_ffn_dim: 1536
          transformer_dropout: 0.1
          use_cosine_warmup: true
          warmup_frac: 0.05
          backbone: vit_small_patch14_dinov2.lvd142m
          finetune: true
          finetune_last_n_blocks: 1
          backbone_lr: 1e-05
    outs:
    - path: data/06_models/vit_dinov2_finetune/best_checkpoint.pt
      hash: md5
      md5: 4b5aa9756ae9d790433cc64b4f277329
      size: 143536811
    - path: data/06_models/vit_dinov2_finetune/csv_logs/
      hash: md5
      md5: c8f819aaf91703c7f74315decf9e1245.dir
      size: 11000
      nfiles: 2
    - path: data/06_models/vit_dinov2_finetune/plots/training_curves.png
      hash: md5
      md5: 99fa49dbf3d8196c6e12a5d2d02d83ad
      size: 193453
  package:
    cmd: uv run python -m temporal_model.train.package --variant 
      vit_dinov2_finetune --output data/06_models/vit_dinov2_finetune/model.zip
    deps:
    - path: ../core/src/temporal_model/core/detector.yaml
      hash: md5
      md5: ba07c2480d91b7ffdbf8f1967df095f4
      size: 481
    - path: ../core/src/temporal_model/core/inference.py
      hash: md5
      md5: a55a93ec1c487b3388afd6ce750fe73a
      size: 17200
    - path: ../core/src/temporal_model/core/logistic_calibrator.py
      hash: md5
      md5: fc8f3b5f18e59e0c72edc1cf973d1cb2
      size: 5062
    - path: ../core/src/temporal_model/core/model.py
      hash: md5
      md5: c110350c234d927df9029dc7cc0e4da2
      size: 12375
    - path: ../core/src/temporal_model/core/package.py
      hash: md5
      md5: 0987f6a16146a03d3222c4a900261e08
      size: 10096
    - path: ../core/src/temporal_model/core/sequences.py
      hash: md5
      md5: 52023f25efee8db079a744636b832969
      size: 1613
    - path: ../core/src/temporal_model/core/stabilize.py
      hash: md5
      md5: c91e53f9a8c4c806e9330b5874462e73
      size: 2227
    - path: ../core/src/temporal_model/core/tubes.py
      hash: md5
      md5: 51f1631de5173929370bd4532e2565a8
      size: 18438
    - path: data/01_raw/datasets/train
      hash: md5
      md5: caf37d4bf513efd49b9617378fff1ffa.dir
      size: 4776619781
      nfiles: 89870
    - path: data/01_raw/datasets/val
      hash: md5
      md5: 409ed7d0573adcb3be98f7ceab63cf25.dir
      size: 444161180
      nfiles: 8752
    - path: data/05_model_input/val
      hash: md5
      md5: 0248311290b067503a3feadb7dde89fd.dir
      size: 130350398
      nfiles: 4241
    - path: 
        data/06_models/detectors/yolo11s_nimble-narwhal_v6.0.0/yolo_weights.pt
      hash: md5
      md5: fea4ddc8d904fcc5ff11ad900e040837
      size: 19225626
    - path: data/06_models/vit_dinov2_finetune/best_checkpoint.pt
      hash: md5
      md5: 4b5aa9756ae9d790433cc64b4f277329
      size: 143536811
    - path: src/temporal_model/train/calibration.py
      hash: md5
      md5: 9fcc002b92d7c66b446ef1f20a3d88df
      size: 1180
    - path: src/temporal_model/train/dataset.py
      hash: md5
      md5: 0963a1ba3fd9e193ab8d4d24bd97aca2
      size: 3141
    - path: src/temporal_model/train/logistic_calibrator_fit.py
      hash: md5
      md5: d610b7e469d94948111902b9ca0ef923
      size: 2511
    - path: src/temporal_model/train/package.py
      hash: md5
      md5: 49692a94b459a59a0804382baa18cae4
      size: 11141
    - path: src/temporal_model/train/package_predict.py
      hash: md5
      md5: 72341b820819bc1a3509ab2832e82596
      size: 2130
    - path: src/temporal_model/train/val_predict.py
      hash: md5
      md5: cd28d9e2879024c2e58da0cc17c86512
      size: 1514
    params:
      params.yaml:
        build_tubes:
          min_tube_length: 4
          min_detected_entries: 2
        model_input:
          context_factor: 1.5
          patch_size: 224
          stabilize: true
        package:
          target_recall: 0.95
          infer_min_tube_length: 2
          infer:
            confidence_threshold: 0.1
            iou_nms: 0.2
            image_size: 1024
            pad_to_min_frames: 6
            pad_strategy: symmetric
          aggregation:
            vit_dinov2_finetune: logistic
        train_vit_dinov2_finetune:
          max_frames: 20
          batch_size: 16
          num_workers: 4
          learning_rate: 0.0001
          weight_decay: 0.05
          max_epochs: 30
          early_stop_patience: 5
          seed: 42
          global_pool: token
          img_size: 224
          transformer_num_layers: 2
          transformer_num_heads: 6
          transformer_ffn_dim: 1536
          transformer_dropout: 0.1
          use_cosine_warmup: true
          warmup_frac: 0.05
          backbone: vit_small_patch14_dinov2.lvd142m
          finetune: true
          finetune_last_n_blocks: 1
          backbone_lr: 1e-05
        tubes:
          iou_threshold: 0.2
          max_misses: 2
          merge_iomin: 0.3
          merge_prox_factor: 1.0
          merge_max_gap: 10
    outs:
    - path: data/06_models/vit_dinov2_finetune/model.zip
      hash: md5
      md5: e976a17cb5b9c8ae758352fc787e3fc5
      size: 162765214
