schema: '2.0'
stages:
  truncate@train:
    cmd: uv run python -m temporal_model.train.truncate --input-dir 
      data/01_raw/datasets_full/train --output-dir data/01_raw/datasets/train 
      --max-frames 20
    deps:
    - path: data/01_raw/datasets_full/train
      hash: md5
      md5: e108ffbd7267e21f35e938c64407b04f.dir
      size: 8223561178
      nfiles: 137690
    - path: src/temporal_model/train/truncate.py
      hash: md5
      md5: 50ac7865933889df116cf61d7f35bc63
      size: 2495
    params:
      params.yaml:
        truncate.max_frames: 20
    outs:
    - path: data/01_raw/datasets/train
      hash: md5
      md5: 8846b526a2ca3f5c163b5df4e2e1248b.dir
      size: 5376562660
      nfiles: 88264
  truncate@val:
    cmd: uv run python -m temporal_model.train.truncate --input-dir 
      data/01_raw/datasets_full/val --output-dir data/01_raw/datasets/val 
      --max-frames 20
    deps:
    - path: data/01_raw/datasets_full/val
      hash: md5
      md5: 42e0f428e61bd931ccae748644e74950.dir
      size: 813903163
      nfiles: 13096
    - path: src/temporal_model/train/truncate.py
      hash: md5
      md5: 50ac7865933889df116cf61d7f35bc63
      size: 2495
    params:
      params.yaml:
        truncate.max_frames: 20
    outs:
    - path: data/01_raw/datasets/val
      hash: md5
      md5: 27accf18392f4d509e9bfd37fc1232d2.dir
      size: 562330656
      nfiles: 8930
  build_tubes@train:
    cmd: uv run python -m temporal_model.train.build_tubes --input-dir 
      data/01_raw/datasets/train --output-dir data/03_primary/tubes/train 
      --iou-threshold 0.2 --max-misses 2 --min-tube-length 4 
      --min-detected-entries 2 --merge-iomin 0.3 --merge-prox-factor 1.0 
      --merge-max-gap 10
    deps:
    - path: ../core/src/temporal_model/core/labels.py
      hash: md5
      md5: 66210787af9d9ac75c171874b8698425
      size: 3371
    - path: ../core/src/temporal_model/core/protocol.py
      hash: md5
      md5: 2d44441b0b89790f11b845406ebd6026
      size: 5560
    - path: ../core/src/temporal_model/core/sequences.py
      hash: md5
      md5: 52023f25efee8db079a744636b832969
      size: 1613
    - path: ../core/src/temporal_model/core/tubes.py
      hash: md5
      md5: 3f72927fd827933e9a049979bbc6dec5
      size: 20053
    - path: ../core/src/temporal_model/core/types.py
      hash: md5
      md5: 9f9be553d10cb269a067cd4fe7cb8a51
      size: 1422
    - path: data/01_raw/datasets/train
      hash: md5
      md5: 8846b526a2ca3f5c163b5df4e2e1248b.dir
      size: 5376562660
      nfiles: 88264
    - path: src/temporal_model/train/build_tubes.py
      hash: md5
      md5: 61fdf917c3fd93320b73139327332f6e
      size: 7104
    params:
      params.yaml:
        build_tubes:
          min_tube_length: 4
          min_detected_entries: 2
        tubes:
          iou_threshold: 0.2
          max_misses: 2
          merge_iomin: 0.3
          merge_prox_factor: 1.0
          merge_max_gap: 10
    outs:
    - path: data/03_primary/tubes/train
      hash: md5
      md5: fe6b7366e4b3ccd09a7f926a7e163592.dir
      size: 11720539
      nfiles: 2968
  build_tubes@val:
    cmd: uv run python -m temporal_model.train.build_tubes --input-dir 
      data/01_raw/datasets/val --output-dir data/03_primary/tubes/val 
      --iou-threshold 0.2 --max-misses 2 --min-tube-length 4 
      --min-detected-entries 2 --merge-iomin 0.3 --merge-prox-factor 1.0 
      --merge-max-gap 10
    deps:
    - path: ../core/src/temporal_model/core/labels.py
      hash: md5
      md5: 66210787af9d9ac75c171874b8698425
      size: 3371
    - path: ../core/src/temporal_model/core/protocol.py
      hash: md5
      md5: 2d44441b0b89790f11b845406ebd6026
      size: 5560
    - path: ../core/src/temporal_model/core/sequences.py
      hash: md5
      md5: 52023f25efee8db079a744636b832969
      size: 1613
    - path: ../core/src/temporal_model/core/tubes.py
      hash: md5
      md5: 3f72927fd827933e9a049979bbc6dec5
      size: 20053
    - path: ../core/src/temporal_model/core/types.py
      hash: md5
      md5: 9f9be553d10cb269a067cd4fe7cb8a51
      size: 1422
    - path: data/01_raw/datasets/val
      hash: md5
      md5: 27accf18392f4d509e9bfd37fc1232d2.dir
      size: 562330656
      nfiles: 8930
    - path: src/temporal_model/train/build_tubes.py
      hash: md5
      md5: 61fdf917c3fd93320b73139327332f6e
      size: 7104
    params:
      params.yaml:
        build_tubes:
          min_tube_length: 4
          min_detected_entries: 2
        tubes:
          iou_threshold: 0.2
          max_misses: 2
          merge_iomin: 0.3
          merge_prox_factor: 1.0
          merge_max_gap: 10
    outs:
    - path: data/03_primary/tubes/val
      hash: md5
      md5: e2bd388e9fbd5d426190d7a1295e7d5a.dir
      size: 1186597
      nfiles: 301
  build_model_input@train:
    cmd: uv run python -m temporal_model.train.build_model_input --tubes-dir 
      data/03_primary/tubes/train --raw-dir data/01_raw/datasets/train 
      --output-dir data/05_model_input/train --context-factor 1.5 --patch-size 
      224 --stabilize true
    deps:
    - path: ../core/src/temporal_model/core/crop.py
      hash: md5
      md5: ac007c4aa7fc43c331313a7d504df7d1
      size: 1608
    - path: ../core/src/temporal_model/core/sequences.py
      hash: md5
      md5: 52023f25efee8db079a744636b832969
      size: 1613
    - path: ../core/src/temporal_model/core/stabilize.py
      hash: md5
      md5: 124b0153ce4ce83e7bb346a11c51acca
      size: 3052
    - path: data/01_raw/datasets/train
      hash: md5
      md5: 8846b526a2ca3f5c163b5df4e2e1248b.dir
      size: 5376562660
      nfiles: 88264
    - path: data/03_primary/tubes/train
      hash: md5
      md5: fe6b7366e4b3ccd09a7f926a7e163592.dir
      size: 11720539
      nfiles: 2968
    - path: src/temporal_model/train/build_model_input.py
      hash: md5
      md5: 08014908422b4240dc88f46e9232f180
      size: 4140
    - path: src/temporal_model/train/crop_patches.py
      hash: md5
      md5: 8ad324d6d5ee30bb18b2480e875c583c
      size: 3017
    params:
      params.yaml:
        model_input:
          context_factor: 1.5
          patch_size: 224
          stabilize: true
    outs:
    - path: data/05_model_input/train
      hash: md5
      md5: eb0b6573e034321d64edd9167042bdf9.dir
      size: 1215687117
      nfiles: 41341
  build_model_input@val:
    cmd: uv run python -m temporal_model.train.build_model_input --tubes-dir 
      data/03_primary/tubes/val --raw-dir data/01_raw/datasets/val --output-dir 
      data/05_model_input/val --context-factor 1.5 --patch-size 224 --stabilize 
      true
    deps:
    - path: ../core/src/temporal_model/core/crop.py
      hash: md5
      md5: ac007c4aa7fc43c331313a7d504df7d1
      size: 1608
    - path: ../core/src/temporal_model/core/sequences.py
      hash: md5
      md5: 52023f25efee8db079a744636b832969
      size: 1613
    - path: ../core/src/temporal_model/core/stabilize.py
      hash: md5
      md5: 124b0153ce4ce83e7bb346a11c51acca
      size: 3052
    - path: data/01_raw/datasets/val
      hash: md5
      md5: 27accf18392f4d509e9bfd37fc1232d2.dir
      size: 562330656
      nfiles: 8930
    - path: data/03_primary/tubes/val
      hash: md5
      md5: e2bd388e9fbd5d426190d7a1295e7d5a.dir
      size: 1186597
      nfiles: 301
    - path: src/temporal_model/train/build_model_input.py
      hash: md5
      md5: 08014908422b4240dc88f46e9232f180
      size: 4140
    - path: src/temporal_model/train/crop_patches.py
      hash: md5
      md5: 8ad324d6d5ee30bb18b2480e875c583c
      size: 3017
    params:
      params.yaml:
        model_input:
          context_factor: 1.5
          patch_size: 224
          stabilize: true
    outs:
    - path: data/05_model_input/val
      hash: md5
      md5: 98e320a786b15810b419d17c5fff8db2.dir
      size: 123099342
      nfiles: 4191
  train:
    cmd: uv run python -m temporal_model.train.train --train-dir 
      data/05_model_input/train --val-dir data/05_model_input/val --output-dir 
      data/06_models/vit_dinov2_finetune --params-path params.yaml --params-key 
      train_vit_dinov2_finetune
    deps:
    - path: ../core/src/temporal_model/core/temporal_classifier.py
      hash: md5
      md5: e50940dafd63ad3e5065d3deee3a7c2f
      size: 7136
    - path: data/05_model_input/train
      hash: md5
      md5: eb0b6573e034321d64edd9167042bdf9.dir
      size: 1215687117
      nfiles: 41341
    - path: data/05_model_input/val
      hash: md5
      md5: 98e320a786b15810b419d17c5fff8db2.dir
      size: 123099342
      nfiles: 4191
    - path: src/temporal_model/train/augment.py
      hash: md5
      md5: 7bad0b20ddd88905a3141b1e05d7f685
      size: 9395
    - path: src/temporal_model/train/batch_samples.py
      hash: md5
      md5: 5bbc7e7eafd7c9c4f8d2a63ba4a9b0c4
      size: 4961
    - path: src/temporal_model/train/dataset.py
      hash: md5
      md5: 0963a1ba3fd9e193ab8d4d24bd97aca2
      size: 3141
    - path: src/temporal_model/train/lit_temporal.py
      hash: md5
      md5: 023e48e99565f468cf7d5fd7c210b341
      size: 5951
    - path: src/temporal_model/train/train.py
      hash: md5
      md5: 96e5b3486858147ddecdddadfc4cf047
      size: 5534
    - path: src/temporal_model/train/training_plots.py
      hash: md5
      md5: 48015bd154587ba3ba493ed5c337e27a
      size: 3290
    params:
      params.yaml:
        augment:
          enabled: true
          spatial:
            flip_prob: 0.5
            rotation_deg: 5.0
            scale_range:
            - 0.9
            - 1.1
            translate_frac: 0.05
          photometric:
            brightness_range:
            - 0.8
            - 1.2
            contrast_range:
            - 0.8
            - 1.2
            saturation_range:
            - 0.8
            - 1.2
          temporal:
            subseq_prob: 0.5
            subseq_min_len: 4
            stride_prob: 0.25
            frame_drop_prob: 0.15
            min_valid_after_drop: 4
        train_vit_dinov2_finetune:
          max_frames: 20
          batch_size: 16
          num_workers: 4
          learning_rate: 0.0001
          weight_decay: 0.05
          max_epochs: 30
          early_stop_patience: 5
          seed: 42
          global_pool: token
          img_size: 224
          transformer_num_layers: 2
          transformer_num_heads: 6
          transformer_ffn_dim: 1536
          transformer_dropout: 0.1
          use_cosine_warmup: true
          warmup_frac: 0.05
          backbone: vit_small_patch14_dinov2.lvd142m
          finetune: true
          finetune_last_n_blocks: 1
          backbone_lr: 1e-05
    outs:
    - path: data/06_models/vit_dinov2_finetune/best_checkpoint.pt
      hash: md5
      md5: f88ee50e746af9dca6b9a99e14afde6d
      size: 143536811
    - path: data/06_models/vit_dinov2_finetune/csv_logs/
      hash: md5
      md5: 84a2f1b7a1e76346dd15503850bfaae3.dir
      size: 5987
      nfiles: 2
    - path: data/06_models/vit_dinov2_finetune/plots/training_curves.png
      hash: md5
      md5: 99b5ab532bbba7eee685a04acff09bd0
      size: 166276
  package:
    cmd: uv run python -m temporal_model.train.package --variant 
      vit_dinov2_finetune --output data/06_models/vit_dinov2_finetune/model.zip
    deps:
    - path: ../core/src/temporal_model/core/detector.yaml
      hash: md5
      md5: ba07c2480d91b7ffdbf8f1967df095f4
      size: 481
    - path: ../core/src/temporal_model/core/inference.py
      hash: md5
      md5: e8d6bb9ed9ab6dccd625d12721ed382e
      size: 17580
    - path: ../core/src/temporal_model/core/logistic_calibrator.py
      hash: md5
      md5: fc8f3b5f18e59e0c72edc1cf973d1cb2
      size: 5062
    - path: ../core/src/temporal_model/core/model.py
      hash: md5
      md5: 04c810d9ea830dbee576ec14db0fecd0
      size: 16193
    - path: ../core/src/temporal_model/core/package.py
      hash: md5
      md5: cd0bfa9f82113a5dba28667ff4b46f63
      size: 12270
    - path: ../core/src/temporal_model/core/sequences.py
      hash: md5
      md5: 52023f25efee8db079a744636b832969
      size: 1613
    - path: ../core/src/temporal_model/core/stabilize.py
      hash: md5
      md5: 124b0153ce4ce83e7bb346a11c51acca
      size: 3052
    - path: ../core/src/temporal_model/core/tubes.py
      hash: md5
      md5: 3f72927fd827933e9a049979bbc6dec5
      size: 20053
    - path: data/01_raw/datasets/train
      hash: md5
      md5: 8846b526a2ca3f5c163b5df4e2e1248b.dir
      size: 5376562660
      nfiles: 88264
    - path: data/01_raw/datasets/val
      hash: md5
      md5: 27accf18392f4d509e9bfd37fc1232d2.dir
      size: 562330656
      nfiles: 8930
    - path: data/05_model_input/val
      hash: md5
      md5: 98e320a786b15810b419d17c5fff8db2.dir
      size: 123099342
      nfiles: 4191
    - path: 
        data/06_models/detectors/yolo11s_nimble-narwhal_v6.0.0/yolo_weights.pt
      hash: md5
      md5: fea4ddc8d904fcc5ff11ad900e040837
      size: 19225626
    - path: data/06_models/vit_dinov2_finetune/best_checkpoint.pt
      hash: md5
      md5: f88ee50e746af9dca6b9a99e14afde6d
      size: 143536811
    - path: src/temporal_model/train/calibration.py
      hash: md5
      md5: 9fcc002b92d7c66b446ef1f20a3d88df
      size: 1180
    - path: src/temporal_model/train/dataset.py
      hash: md5
      md5: 0963a1ba3fd9e193ab8d4d24bd97aca2
      size: 3141
    - path: src/temporal_model/train/logistic_calibrator_fit.py
      hash: md5
      md5: d610b7e469d94948111902b9ca0ef923
      size: 2511
    - path: src/temporal_model/train/package.py
      hash: md5
      md5: 355f8769d140a73966d04ff355cd7ecb
      size: 11636
    - path: src/temporal_model/train/package_predict.py
      hash: md5
      md5: 72341b820819bc1a3509ab2832e82596
      size: 2130
    - path: src/temporal_model/train/val_predict.py
      hash: md5
      md5: cd28d9e2879024c2e58da0cc17c86512
      size: 1514
    params:
      params.yaml:
        build_tubes:
          min_tube_length: 4
          min_detected_entries: 2
        model_input:
          context_factor: 1.5
          patch_size: 224
          stabilize: true
        package:
          target_recall: 0.95
          infer_min_tube_length: 2
          infer:
            confidence_threshold: 0.1
            iou_nms: 0.2
            image_size: 1024
            pad_to_min_frames: 6
            pad_strategy: symmetric
          aggregation:
            vit_dinov2_finetune: logistic
        train_vit_dinov2_finetune:
          max_frames: 20
          batch_size: 16
          num_workers: 4
          learning_rate: 0.0001
          weight_decay: 0.05
          max_epochs: 30
          early_stop_patience: 5
          seed: 42
          global_pool: token
          img_size: 224
          transformer_num_layers: 2
          transformer_num_heads: 6
          transformer_ffn_dim: 1536
          transformer_dropout: 0.1
          use_cosine_warmup: true
          warmup_frac: 0.05
          backbone: vit_small_patch14_dinov2.lvd142m
          finetune: true
          finetune_last_n_blocks: 1
          backbone_lr: 1e-05
        tubes:
          iou_threshold: 0.2
          max_misses: 2
          merge_iomin: 0.3
          merge_prox_factor: 1.0
          merge_max_gap: 10
    outs:
    - path: data/06_models/vit_dinov2_finetune/model.zip
      hash: md5
      md5: 2f5f1cbee0ff8ea407a5320aad2bd8d8
      size: 162765216
