schema: '2.0'
stages:
  replay:
    cmd: uv run python -m temporal_model.monitor.cli replay --store 
      data/01_raw/sequences --output-dir data/08_reporting
    deps:
    - path: data/01_raw/sequences
      hash: md5
      md5: 2a122491abe869eeba50d1a887780691.dir
      size: 22700237
      nfiles: 185
    - path: docker-compose.yml
      hash: md5
      md5: 985531d975ed5a5d3f2daf2ea5083d4a
      size: 1403
    - path: src/temporal_model/monitor/cli.py
      hash: md5
      md5: c6fabb767a47029cce0ded2736b75342
      size: 2577
    - path: src/temporal_model/monitor/geometry.py
      hash: md5
      md5: 7f811828367c67fd9115ad5e6b69956d
      size: 1485
    - path: src/temporal_model/monitor/reconstruct.py
      hash: md5
      md5: fa83924a8b64a59e2e9ba7ade4c601b4
      size: 3351
    - path: src/temporal_model/monitor/replay.py
      hash: md5
      md5: 7da1410845fc2abf79c4584d63566451
      size: 7439
    - path: src/temporal_model/monitor/report.py
      hash: md5
      md5: cadbd1af494f1c3dec004b406d60b3f4
      size: 5875
    - path: src/temporal_model/monitor/stack.py
      hash: md5
      md5: 89d3fe2dd45700477bd337616cacf189
      size: 2874
    - path: src/temporal_model/monitor/store.py
      hash: md5
      md5: 5a16cf6a0b82aea8a35dadf567a78d9e
      size: 3108
    outs:
    - path: data/08_reporting
      hash: md5
      md5: 428651f1c47a7a1d21f1dbd1e757f99c.dir
      size: 11586
      nfiles: 7
